
Microsoft Visual Studio Solution File, Format Version 12.00
# Visual Studio 2013
VisualStudioVersion = 12.0.31101.0
MinimumVisualStudioVersion = 10.0.40219.1
Project("{FAE04EC0-301F-11D3-BF4B-00C04F79EFBC}") = "botApi", "botApi\botApi.csproj", "{97DA88FC-0B43-4E09-99AE-0A293D95913D}"
EndProject
Project("{FAE04EC0-301F-11D3-BF4B-00C04F79EFBC}") = "botApi.Tests", "botApi.Tests\botApi.Tests.csproj", "{A9334416-6A94-4E50-8ACC-36172421FDA7}"
EndProject
Global
	GlobalSection(SolutionConfigurationPlatforms) = preSolution
		Debug|Any CPU = Debug|Any CPU
		Release|Any CPU = Release|Any CPU
	EndGlobalSection
	GlobalSection(ProjectConfigurationPlatforms) = postSolution
		{97DA88FC-0B43-4E09-99AE-0A293D95913D}.Debug|Any CPU.ActiveCfg = Debug|Any CPU
		{97DA88FC-0B43-4E09-99AE-0A293D95913D}.Debug|Any CPU.Build.0 = Debug|Any CPU
		{97DA88FC-0B43-4E09-99AE-0A293D95913D}.Release|Any CPU.ActiveCfg = Release|Any CPU
		{97DA88FC-0B43-4E09-99AE-0A293D95913D}.Release|Any CPU.Build.0 = Release|Any CPU
		{A9334416-6A94-4E50-8ACC-36172421FDA7}.Debug|Any CPU.ActiveCfg = Debug|Any CPU
		{A9334416-6A94-4E50-8ACC-36172421FDA7}.Debug|Any CPU.Build.0 = Debug|Any CPU
		{A9334416-6A94-4E50-8ACC-36172421FDA7}.Release|Any CPU.ActiveCfg = Release|Any CPU
		{A9334416-6A94-4E50-8ACC-36172421FDA7}.Release|Any CPU.Build.0 = Release|Any CPU
	EndGlobalSection
	GlobalSection(SolutionProperties) = preSolution
		HideSolutionNode = FALSE
	EndGlobalSection
EndGlobal
